# This file is automatically @generated by Cargo.
# It is not intended for manual editing.
version = 4

[[package]]
name = "hector"
version = "0.1.0"

[[package]]
name = "hector-audio"
version = "0.1.0"

[[package]]
name = "hector-core"
version = "0.1.0"

[[package]]
name = "hector-platform-windows"
version = "0.1.0"

[[package]]
name = "hector-protocol"
version = "0.1.0"

[[package]]
name = "hector-runtime"
version = "0.1.0"

[[package]]
name = "hector-storage"
version = "0.1.0"

[[package]]
name = "hector-tui"
version = "0.1.0"
